
Microsoft Visual Studio Solution File, Format Version 12.00
# Visual Studio Version 16
VisualStudioVersion = 16.0.32126.315
MinimumVisualStudioVersion = 10.0.40219.1
Project("{FAE04EC0-301F-11D3-BF4B-00C04F79EFBC}") = "MLMJ2122-practicaGIT", "MLMJ2122-practicaGIT\MLMJ2122-practicaGIT.csproj", "{98D6B409-3827-48DC-824A-7B5739BF8067}"
EndProject
Global
	GlobalSection(SolutionConfigurationPlatforms) = preSolution
		Debug|Any CPU = Debug|Any CPU
		Release|Any CPU = Release|Any CPU
	EndGlobalSection
	GlobalSection(ProjectConfigurationPlatforms) = postSolution
		{98D6B409-3827-48DC-824A-7B5739BF8067}.Debug|Any CPU.ActiveCfg = Debug|Any CPU
		{98D6B409-3827-48DC-824A-7B5739BF8067}.Debug|Any CPU.Build.0 = Debug|Any CPU
		{98D6B409-3827-48DC-824A-7B5739BF8067}.Release|Any CPU.ActiveCfg = Release|Any CPU
		{98D6B409-3827-48DC-824A-7B5739BF8067}.Release|Any CPU.Build.0 = Release|Any CPU
	EndGlobalSection
	GlobalSection(SolutionProperties) = preSolution
		HideSolutionNode = FALSE
	EndGlobalSection
	GlobalSection(ExtensibilityGlobals) = postSolution
		SolutionGuid = {19A28B83-DB7C-434A-8FD7-9D0EEBDC036F}
	EndGlobalSection
EndGlobal
